<?xml version="1.0" encoding="UTF-8" standalone="yes" ?>
<CodeBlocks_project_file>
   <FileVersion major="1" minor="6" />
   <Project>
      <Option title="motionsensor_receiver" />
      <Option makefile_is_custom="1" />
      <Option compiler="gcc" />
      <Option virtualFolders="CMake Files\;CMake Files\cmake\;" />
      <Build>
      <Target title="all">
         <Option working_dir="D:/nbobovnikov/home/dev/auvir/auvir_embed/mocap/receiver/stm32f103-build" />
         <Option type="4" />
         <MakeCommands>
            <Build command="nmake /NOLOGO /f D:\nbobovnikov\home\dev\auvir\auvir_embed\mocap\receiver\stm32f103-build\Makefile VERBOSE=1 all" />
            <CompileFile command="nmake /NOLOGO /f D:\nbobovnikov\home\dev\auvir\auvir_embed\mocap\receiver\stm32f103-build\Makefile VERBOSE=1 &quot;$file&quot;" />
            <Clean command="nmake /NOLOGO /f D:\nbobovnikov\home\dev\auvir\auvir_embed\mocap\receiver\stm32f103-build\Makefile VERBOSE=1 clean" />
            <DistClean command="nmake /NOLOGO /f D:\nbobovnikov\home\dev\auvir\auvir_embed\mocap\receiver\stm32f103-build\Makefile VERBOSE=1 clean" />
         </MakeCommands>
      </Target>
      <Target title="motionsensor_receiver">
         <Option output="D:/nbobovnikov/home/dev/auvir/auvir_embed/mocap/receiver/stm32f103-build/motionsensor_receiver" prefix_auto="0" extension_auto="0" />
         <Option working_dir="D:/nbobovnikov/home/dev/auvir/auvir_embed/mocap/receiver/stm32f103-build" />
         <Option object_output="./" />
         <Option type="1" />
         <Option compiler="gcc" />
         <Compiler>
            <Add option="-DSTM32F1" />
            <Add option="-DSTM32F103xB" />
            <Add option="-DUSE_HAL_DRIVER" />
            <Add option="-D__arm__" />
            <Add directory="D:/nbobovnikov/home/dev/auvir/auvir_embed/mocap/receiver/stm32f103/Drivers/CMSIS/Device/ST/STM32F1xx/Include" />
            <Add directory="D:/nbobovnikov/home/dev/auvir/auvir_embed/mocap/receiver/stm32f103/Drivers/CMSIS/Include" />
            <Add directory="D:/nbobovnikov/home/dev/auvir/auvir_embed/mocap/receiver/stm32f103/Drivers/STM32F1xx_HAL_Driver/Inc" />
            <Add directory="D:/nbobovnikov/home/dev/auvir/auvir_embed/mocap/receiver/stm32f103/Drivers/STM32F1xx_HAL_Driver/Inc/Legacy" />
            <Add directory="D:/nbobovnikov/home/dev/auvir/auvir_embed/mocap/receiver/stm32f103/Inc" />
         </Compiler>
         <MakeCommands>
            <Build command="nmake /NOLOGO /f D:\nbobovnikov\home\dev\auvir\auvir_embed\mocap\receiver\stm32f103-build\Makefile VERBOSE=1 motionsensor_receiver" />
            <CompileFile command="nmake /NOLOGO /f D:\nbobovnikov\home\dev\auvir\auvir_embed\mocap\receiver\stm32f103-build\Makefile VERBOSE=1 &quot;$file&quot;" />
            <Clean command="nmake /NOLOGO /f D:\nbobovnikov\home\dev\auvir\auvir_embed\mocap\receiver\stm32f103-build\Makefile VERBOSE=1 clean" />
            <DistClean command="nmake /NOLOGO /f D:\nbobovnikov\home\dev\auvir\auvir_embed\mocap\receiver\stm32f103-build\Makefile VERBOSE=1 clean" />
         </MakeCommands>
      </Target>
      <Target title="motionsensor_receiver/fast">
         <Option output="D:/nbobovnikov/home/dev/auvir/auvir_embed/mocap/receiver/stm32f103-build/motionsensor_receiver" prefix_auto="0" extension_auto="0" />
         <Option working_dir="D:/nbobovnikov/home/dev/auvir/auvir_embed/mocap/receiver/stm32f103-build" />
         <Option object_output="./" />
         <Option type="1" />
         <Option compiler="gcc" />
         <Compiler>
            <Add option="-DSTM32F1" />
            <Add option="-DSTM32F103xB" />
            <Add option="-DUSE_HAL_DRIVER" />
            <Add option="-D__arm__" />
            <Add directory="D:/nbobovnikov/home/dev/auvir/auvir_embed/mocap/receiver/stm32f103/Drivers/CMSIS/Device/ST/STM32F1xx/Include" />
            <Add directory="D:/nbobovnikov/home/dev/auvir/auvir_embed/mocap/receiver/stm32f103/Drivers/CMSIS/Include" />
            <Add directory="D:/nbobovnikov/home/dev/auvir/auvir_embed/mocap/receiver/stm32f103/Drivers/STM32F1xx_HAL_Driver/Inc" />
            <Add directory="D:/nbobovnikov/home/dev/auvir/auvir_embed/mocap/receiver/stm32f103/Drivers/STM32F1xx_HAL_Driver/Inc/Legacy" />
            <Add directory="D:/nbobovnikov/home/dev/auvir/auvir_embed/mocap/receiver/stm32f103/Inc" />
         </Compiler>
         <MakeCommands>
            <Build command="nmake /NOLOGO /f D:\nbobovnikov\home\dev\auvir\auvir_embed\mocap\receiver\stm32f103-build\Makefile VERBOSE=1 motionsensor_receiver/fast" />
            <CompileFile command="nmake /NOLOGO /f D:\nbobovnikov\home\dev\auvir\auvir_embed\mocap\receiver\stm32f103-build\Makefile VERBOSE=1 &quot;$file&quot;" />
            <Clean command="nmake /NOLOGO /f D:\nbobovnikov\home\dev\auvir\auvir_embed\mocap\receiver\stm32f103-build\Makefile VERBOSE=1 clean" />
            <DistClean command="nmake /NOLOGO /f D:\nbobovnikov\home\dev\auvir\auvir_embed\mocap\receiver\stm32f103-build\Makefile VERBOSE=1 clean" />
         </MakeCommands>
      </Target>
      <Target title="edit_cache">
         <Option working_dir="D:/nbobovnikov/home/dev/auvir/auvir_embed/mocap/receiver/stm32f103-build" />
         <Option type="4" />
         <MakeCommands>
            <Build command="nmake /NOLOGO /f D:\nbobovnikov\home\dev\auvir\auvir_embed\mocap\receiver\stm32f103-build\Makefile VERBOSE=1 edit_cache" />
            <CompileFile command="nmake /NOLOGO /f D:\nbobovnikov\home\dev\auvir\auvir_embed\mocap\receiver\stm32f103-build\Makefile VERBOSE=1 &quot;$file&quot;" />
            <Clean command="nmake /NOLOGO /f D:\nbobovnikov\home\dev\auvir\auvir_embed\mocap\receiver\stm32f103-build\Makefile VERBOSE=1 clean" />
            <DistClean command="nmake /NOLOGO /f D:\nbobovnikov\home\dev\auvir\auvir_embed\mocap\receiver\stm32f103-build\Makefile VERBOSE=1 clean" />
         </MakeCommands>
      </Target>
      <Target title="rebuild_cache">
         <Option working_dir="D:/nbobovnikov/home/dev/auvir/auvir_embed/mocap/receiver/stm32f103-build" />
         <Option type="4" />
         <MakeCommands>
            <Build command="nmake /NOLOGO /f D:\nbobovnikov\home\dev\auvir\auvir_embed\mocap\receiver\stm32f103-build\Makefile VERBOSE=1 rebuild_cache" />
            <CompileFile command="nmake /NOLOGO /f D:\nbobovnikov\home\dev\auvir\auvir_embed\mocap\receiver\stm32f103-build\Makefile VERBOSE=1 &quot;$file&quot;" />
            <Clean command="nmake /NOLOGO /f D:\nbobovnikov\home\dev\auvir\auvir_embed\mocap\receiver\stm32f103-build\Makefile VERBOSE=1 clean" />
            <DistClean command="nmake /NOLOGO /f D:\nbobovnikov\home\dev\auvir\auvir_embed\mocap\receiver\stm32f103-build\Makefile VERBOSE=1 clean" />
         </MakeCommands>
      </Target>
      </Build>
      <Unit filename="D:/nbobovnikov/home/dev/auvir/auvir_embed/mocap/receiver/stm32f103/Drivers/CMSIS/Device/ST/STM32F1xx/Include/stm32f100xb.h">
         <Option target="motionsensor_receiver"/>
      </Unit>
      <Unit filename="D:/nbobovnikov/home/dev/auvir/auvir_embed/mocap/receiver/stm32f103/Drivers/CMSIS/Device/ST/STM32F1xx/Include/stm32f100xe.h">
         <Option target="motionsensor_receiver"/>
      </Unit>
      <Unit filename="D:/nbobovnikov/home/dev/auvir/auvir_embed/mocap/receiver/stm32f103/Drivers/CMSIS/Device/ST/STM32F1xx/Include/stm32f101x6.h">
         <Option target="motionsensor_receiver"/>
      </Unit>
      <Unit filename="D:/nbobovnikov/home/dev/auvir/auvir_embed/mocap/receiver/stm32f103/Drivers/CMSIS/Device/ST/STM32F1xx/Include/stm32f101xb.h">
         <Option target="motionsensor_receiver"/>
      </Unit>
      <Unit filename="D:/nbobovnikov/home/dev/auvir/auvir_embed/mocap/receiver/stm32f103/Drivers/CMSIS/Device/ST/STM32F1xx/Include/stm32f101xe.h">
         <Option target="motionsensor_receiver"/>
      </Unit>
      <Unit filename="D:/nbobovnikov/home/dev/auvir/auvir_embed/mocap/receiver/stm32f103/Drivers/CMSIS/Device/ST/STM32F1xx/Include/stm32f101xg.h">
         <Option target="motionsensor_receiver"/>
      </Unit>
      <Unit filename="D:/nbobovnikov/home/dev/auvir/auvir_embed/mocap/receiver/stm32f103/Drivers/CMSIS/Device/ST/STM32F1xx/Include/stm32f102x6.h">
         <Option target="motionsensor_receiver"/>
      </Unit>
      <Unit filename="D:/nbobovnikov/home/dev/auvir/auvir_embed/mocap/receiver/stm32f103/Drivers/CMSIS/Device/ST/STM32F1xx/Include/stm32f102xb.h">
         <Option target="motionsensor_receiver"/>
      </Unit>
      <Unit filename="D:/nbobovnikov/home/dev/auvir/auvir_embed/mocap/receiver/stm32f103/Drivers/CMSIS/Device/ST/STM32F1xx/Include/stm32f103x6.h">
         <Option target="motionsensor_receiver"/>
      </Unit>
      <Unit filename="D:/nbobovnikov/home/dev/auvir/auvir_embed/mocap/receiver/stm32f103/Drivers/CMSIS/Device/ST/STM32F1xx/Include/stm32f103xb.h">
         <Option target="motionsensor_receiver"/>
      </Unit>
      <Unit filename="D:/nbobovnikov/home/dev/auvir/auvir_embed/mocap/receiver/stm32f103/Drivers/CMSIS/Device/ST/STM32F1xx/Include/stm32f103xe.h">
         <Option target="motionsensor_receiver"/>
      </Unit>
      <Unit filename="D:/nbobovnikov/home/dev/auvir/auvir_embed/mocap/receiver/stm32f103/Drivers/CMSIS/Device/ST/STM32F1xx/Include/stm32f103xg.h">
         <Option target="motionsensor_receiver"/>
      </Unit>
      <Unit filename="D:/nbobovnikov/home/dev/auvir/auvir_embed/mocap/receiver/stm32f103/Drivers/CMSIS/Device/ST/STM32F1xx/Include/stm32f105xc.h">
         <Option target="motionsensor_receiver"/>
      </Unit>
      <Unit filename="D:/nbobovnikov/home/dev/auvir/auvir_embed/mocap/receiver/stm32f103/Drivers/CMSIS/Device/ST/STM32F1xx/Include/stm32f107xc.h">
         <Option target="motionsensor_receiver"/>
      </Unit>
      <Unit filename="D:/nbobovnikov/home/dev/auvir/auvir_embed/mocap/receiver/stm32f103/Drivers/CMSIS/Device/ST/STM32F1xx/Include/stm32f1xx.h">
         <Option target="motionsensor_receiver"/>
      </Unit>
      <Unit filename="D:/nbobovnikov/home/dev/auvir/auvir_embed/mocap/receiver/stm32f103/Drivers/CMSIS/Device/ST/STM32F1xx/Include/system_stm32f1xx.h">
         <Option target="motionsensor_receiver"/>
      </Unit>
      <Unit filename="D:/nbobovnikov/home/dev/auvir/auvir_embed/mocap/receiver/stm32f103/Drivers/CMSIS/Device/ST/STM32F1xx/Source/Templates/gcc/startup_stm32f103xb.s">
         <Option target="motionsensor_receiver"/>
      </Unit>
      <Unit filename="D:/nbobovnikov/home/dev/auvir/auvir_embed/mocap/receiver/stm32f103/Drivers/CMSIS/Device/ST/STM32F1xx/Source/Templates/system_stm32f1xx.c">
         <Option target="motionsensor_receiver"/>
      </Unit>
      <Unit filename="D:/nbobovnikov/home/dev/auvir/auvir_embed/mocap/receiver/stm32f103/Drivers/CMSIS/Include/arm_common_tables.h">
         <Option target="motionsensor_receiver"/>
      </Unit>
      <Unit filename="D:/nbobovnikov/home/dev/auvir/auvir_embed/mocap/receiver/stm32f103/Drivers/CMSIS/Include/arm_const_structs.h">
         <Option target="motionsensor_receiver"/>
      </Unit>
      <Unit filename="D:/nbobovnikov/home/dev/auvir/auvir_embed/mocap/receiver/stm32f103/Drivers/CMSIS/Include/arm_math.h">
         <Option target="motionsensor_receiver"/>
      </Unit>
      <Unit filename="D:/nbobovnikov/home/dev/auvir/auvir_embed/mocap/receiver/stm32f103/Drivers/CMSIS/Include/core_cm0.h">
         <Option target="motionsensor_receiver"/>
      </Unit>
      <Unit filename="D:/nbobovnikov/home/dev/auvir/auvir_embed/mocap/receiver/stm32f103/Drivers/CMSIS/Include/core_cm0plus.h">
         <Option target="motionsensor_receiver"/>
      </Unit>
      <Unit filename="D:/nbobovnikov/home/dev/auvir/auvir_embed/mocap/receiver/stm32f103/Drivers/CMSIS/Include/core_cm3.h">
         <Option target="motionsensor_receiver"/>
      </Unit>
      <Unit filename="D:/nbobovnikov/home/dev/auvir/auvir_embed/mocap/receiver/stm32f103/Drivers/CMSIS/Include/core_cm4.h">
         <Option target="motionsensor_receiver"/>
      </Unit>
      <Unit filename="D:/nbobovnikov/home/dev/auvir/auvir_embed/mocap/receiver/stm32f103/Drivers/CMSIS/Include/core_cm7.h">
         <Option target="motionsensor_receiver"/>
      </Unit>
      <Unit filename="D:/nbobovnikov/home/dev/auvir/auvir_embed/mocap/receiver/stm32f103/Drivers/CMSIS/Include/core_cmFunc.h">
         <Option target="motionsensor_receiver"/>
      </Unit>
      <Unit filename="D:/nbobovnikov/home/dev/auvir/auvir_embed/mocap/receiver/stm32f103/Drivers/CMSIS/Include/core_cmInstr.h">
         <Option target="motionsensor_receiver"/>
      </Unit>
      <Unit filename="D:/nbobovnikov/home/dev/auvir/auvir_embed/mocap/receiver/stm32f103/Drivers/CMSIS/Include/core_cmSimd.h">
         <Option target="motionsensor_receiver"/>
      </Unit>
      <Unit filename="D:/nbobovnikov/home/dev/auvir/auvir_embed/mocap/receiver/stm32f103/Drivers/CMSIS/Include/core_sc000.h">
         <Option target="motionsensor_receiver"/>
      </Unit>
      <Unit filename="D:/nbobovnikov/home/dev/auvir/auvir_embed/mocap/receiver/stm32f103/Drivers/CMSIS/Include/core_sc300.h">
         <Option target="motionsensor_receiver"/>
      </Unit>
      <Unit filename="D:/nbobovnikov/home/dev/auvir/auvir_embed/mocap/receiver/stm32f103/Drivers/STM32F1xx_HAL_Driver/Inc/Legacy/stm32_hal_legacy.h">
         <Option target="motionsensor_receiver"/>
      </Unit>
      <Unit filename="D:/nbobovnikov/home/dev/auvir/auvir_embed/mocap/receiver/stm32f103/Drivers/STM32F1xx_HAL_Driver/Inc/stm32f1xx_hal.h">
         <Option target="motionsensor_receiver"/>
      </Unit>
      <Unit filename="D:/nbobovnikov/home/dev/auvir/auvir_embed/mocap/receiver/stm32f103/Drivers/STM32F1xx_HAL_Driver/Inc/stm32f1xx_hal_cortex.h">
         <Option target="motionsensor_receiver"/>
      </Unit>
      <Unit filename="D:/nbobovnikov/home/dev/auvir/auvir_embed/mocap/receiver/stm32f103/Drivers/STM32F1xx_HAL_Driver/Inc/stm32f1xx_hal_crc.h">
         <Option target="motionsensor_receiver"/>
      </Unit>
      <Unit filename="D:/nbobovnikov/home/dev/auvir/auvir_embed/mocap/receiver/stm32f103/Drivers/STM32F1xx_HAL_Driver/Inc/stm32f1xx_hal_def.h">
         <Option target="motionsensor_receiver"/>
      </Unit>
      <Unit filename="D:/nbobovnikov/home/dev/auvir/auvir_embed/mocap/receiver/stm32f103/Drivers/STM32F1xx_HAL_Driver/Inc/stm32f1xx_hal_dma.h">
         <Option target="motionsensor_receiver"/>
      </Unit>
      <Unit filename="D:/nbobovnikov/home/dev/auvir/auvir_embed/mocap/receiver/stm32f103/Drivers/STM32F1xx_HAL_Driver/Inc/stm32f1xx_hal_dma_ex.h">
         <Option target="motionsensor_receiver"/>
      </Unit>
      <Unit filename="D:/nbobovnikov/home/dev/auvir/auvir_embed/mocap/receiver/stm32f103/Drivers/STM32F1xx_HAL_Driver/Inc/stm32f1xx_hal_flash.h">
         <Option target="motionsensor_receiver"/>
      </Unit>
      <Unit filename="D:/nbobovnikov/home/dev/auvir/auvir_embed/mocap/receiver/stm32f103/Drivers/STM32F1xx_HAL_Driver/Inc/stm32f1xx_hal_flash_ex.h">
         <Option target="motionsensor_receiver"/>
      </Unit>
      <Unit filename="D:/nbobovnikov/home/dev/auvir/auvir_embed/mocap/receiver/stm32f103/Drivers/STM32F1xx_HAL_Driver/Inc/stm32f1xx_hal_gpio.h">
         <Option target="motionsensor_receiver"/>
      </Unit>
      <Unit filename="D:/nbobovnikov/home/dev/auvir/auvir_embed/mocap/receiver/stm32f103/Drivers/STM32F1xx_HAL_Driver/Inc/stm32f1xx_hal_gpio_ex.h">
         <Option target="motionsensor_receiver"/>
      </Unit>
      <Unit filename="D:/nbobovnikov/home/dev/auvir/auvir_embed/mocap/receiver/stm32f103/Drivers/STM32F1xx_HAL_Driver/Inc/stm32f1xx_hal_pwr.h">
         <Option target="motionsensor_receiver"/>
      </Unit>
      <Unit filename="D:/nbobovnikov/home/dev/auvir/auvir_embed/mocap/receiver/stm32f103/Drivers/STM32F1xx_HAL_Driver/Inc/stm32f1xx_hal_rcc.h">
         <Option target="motionsensor_receiver"/>
      </Unit>
      <Unit filename="D:/nbobovnikov/home/dev/auvir/auvir_embed/mocap/receiver/stm32f103/Drivers/STM32F1xx_HAL_Driver/Inc/stm32f1xx_hal_rcc_ex.h">
         <Option target="motionsensor_receiver"/>
      </Unit>
      <Unit filename="D:/nbobovnikov/home/dev/auvir/auvir_embed/mocap/receiver/stm32f103/Drivers/STM32F1xx_HAL_Driver/Inc/stm32f1xx_hal_spi.h">
         <Option target="motionsensor_receiver"/>
      </Unit>
      <Unit filename="D:/nbobovnikov/home/dev/auvir/auvir_embed/mocap/receiver/stm32f103/Drivers/STM32F1xx_HAL_Driver/Inc/stm32f1xx_hal_tim.h">
         <Option target="motionsensor_receiver"/>
      </Unit>
      <Unit filename="D:/nbobovnikov/home/dev/auvir/auvir_embed/mocap/receiver/stm32f103/Drivers/STM32F1xx_HAL_Driver/Inc/stm32f1xx_hal_tim_ex.h">
         <Option target="motionsensor_receiver"/>
      </Unit>
      <Unit filename="D:/nbobovnikov/home/dev/auvir/auvir_embed/mocap/receiver/stm32f103/Drivers/STM32F1xx_HAL_Driver/Inc/stm32f1xx_hal_uart.h">
         <Option target="motionsensor_receiver"/>
      </Unit>
      <Unit filename="D:/nbobovnikov/home/dev/auvir/auvir_embed/mocap/receiver/stm32f103/Drivers/STM32F1xx_HAL_Driver/Src/stm32f1xx_hal.c">
         <Option target="motionsensor_receiver"/>
      </Unit>
      <Unit filename="D:/nbobovnikov/home/dev/auvir/auvir_embed/mocap/receiver/stm32f103/Drivers/STM32F1xx_HAL_Driver/Src/stm32f1xx_hal_cortex.c">
         <Option target="motionsensor_receiver"/>
      </Unit>
      <Unit filename="D:/nbobovnikov/home/dev/auvir/auvir_embed/mocap/receiver/stm32f103/Drivers/STM32F1xx_HAL_Driver/Src/stm32f1xx_hal_crc.c">
         <Option target="motionsensor_receiver"/>
      </Unit>
      <Unit filename="D:/nbobovnikov/home/dev/auvir/auvir_embed/mocap/receiver/stm32f103/Drivers/STM32F1xx_HAL_Driver/Src/stm32f1xx_hal_dma.c">
         <Option target="motionsensor_receiver"/>
      </Unit>
      <Unit filename="D:/nbobovnikov/home/dev/auvir/auvir_embed/mocap/receiver/stm32f103/Drivers/STM32F1xx_HAL_Driver/Src/stm32f1xx_hal_flash.c">
         <Option target="motionsensor_receiver"/>
      </Unit>
      <Unit filename="D:/nbobovnikov/home/dev/auvir/auvir_embed/mocap/receiver/stm32f103/Drivers/STM32F1xx_HAL_Driver/Src/stm32f1xx_hal_flash_ex.c">
         <Option target="motionsensor_receiver"/>
      </Unit>
      <Unit filename="D:/nbobovnikov/home/dev/auvir/auvir_embed/mocap/receiver/stm32f103/Drivers/STM32F1xx_HAL_Driver/Src/stm32f1xx_hal_gpio.c">
         <Option target="motionsensor_receiver"/>
      </Unit>
      <Unit filename="D:/nbobovnikov/home/dev/auvir/auvir_embed/mocap/receiver/stm32f103/Drivers/STM32F1xx_HAL_Driver/Src/stm32f1xx_hal_pwr.c">
         <Option target="motionsensor_receiver"/>
      </Unit>
      <Unit filename="D:/nbobovnikov/home/dev/auvir/auvir_embed/mocap/receiver/stm32f103/Drivers/STM32F1xx_HAL_Driver/Src/stm32f1xx_hal_rcc.c">
         <Option target="motionsensor_receiver"/>
      </Unit>
      <Unit filename="D:/nbobovnikov/home/dev/auvir/auvir_embed/mocap/receiver/stm32f103/Drivers/STM32F1xx_HAL_Driver/Src/stm32f1xx_hal_rcc_ex.c">
         <Option target="motionsensor_receiver"/>
      </Unit>
      <Unit filename="D:/nbobovnikov/home/dev/auvir/auvir_embed/mocap/receiver/stm32f103/Drivers/STM32F1xx_HAL_Driver/Src/stm32f1xx_hal_spi.c">
         <Option target="motionsensor_receiver"/>
      </Unit>
      <Unit filename="D:/nbobovnikov/home/dev/auvir/auvir_embed/mocap/receiver/stm32f103/Drivers/STM32F1xx_HAL_Driver/Src/stm32f1xx_hal_spi_ex.c">
         <Option target="motionsensor_receiver"/>
      </Unit>
      <Unit filename="D:/nbobovnikov/home/dev/auvir/auvir_embed/mocap/receiver/stm32f103/Drivers/STM32F1xx_HAL_Driver/Src/stm32f1xx_hal_tim.c">
         <Option target="motionsensor_receiver"/>
      </Unit>
      <Unit filename="D:/nbobovnikov/home/dev/auvir/auvir_embed/mocap/receiver/stm32f103/Drivers/STM32F1xx_HAL_Driver/Src/stm32f1xx_hal_tim_ex.c">
         <Option target="motionsensor_receiver"/>
      </Unit>
      <Unit filename="D:/nbobovnikov/home/dev/auvir/auvir_embed/mocap/receiver/stm32f103/Drivers/STM32F1xx_HAL_Driver/Src/stm32f1xx_hal_uart.c">
         <Option target="motionsensor_receiver"/>
      </Unit>
      <Unit filename="D:/nbobovnikov/home/dev/auvir/auvir_embed/mocap/receiver/stm32f103/Inc/infrared.h">
         <Option target="motionsensor_receiver"/>
      </Unit>
      <Unit filename="D:/nbobovnikov/home/dev/auvir/auvir_embed/mocap/receiver/stm32f103/Inc/mxconstants.h">
         <Option target="motionsensor_receiver"/>
      </Unit>
      <Unit filename="D:/nbobovnikov/home/dev/auvir/auvir_embed/mocap/receiver/stm32f103/Inc/se8r01.h">
         <Option target="motionsensor_receiver"/>
      </Unit>
      <Unit filename="D:/nbobovnikov/home/dev/auvir/auvir_embed/mocap/receiver/stm32f103/Inc/sensor.h">
         <Option target="motionsensor_receiver"/>
      </Unit>
      <Unit filename="D:/nbobovnikov/home/dev/auvir/auvir_embed/mocap/receiver/stm32f103/Inc/sensor_hub.h">
         <Option target="motionsensor_receiver"/>
      </Unit>
      <Unit filename="D:/nbobovnikov/home/dev/auvir/auvir_embed/mocap/receiver/stm32f103/Inc/stm32f1xx_hal_conf.h">
         <Option target="motionsensor_receiver"/>
      </Unit>
      <Unit filename="D:/nbobovnikov/home/dev/auvir/auvir_embed/mocap/receiver/stm32f103/Inc/stm32f1xx_it.h">
         <Option target="motionsensor_receiver"/>
      </Unit>
      <Unit filename="D:/nbobovnikov/home/dev/auvir/auvir_embed/mocap/receiver/stm32f103/Src/infrared.c">
         <Option target="motionsensor_receiver"/>
      </Unit>
      <Unit filename="D:/nbobovnikov/home/dev/auvir/auvir_embed/mocap/receiver/stm32f103/Src/main.c">
         <Option target="motionsensor_receiver"/>
      </Unit>
      <Unit filename="D:/nbobovnikov/home/dev/auvir/auvir_embed/mocap/receiver/stm32f103/Src/se8r01.c">
         <Option target="motionsensor_receiver"/>
      </Unit>
      <Unit filename="D:/nbobovnikov/home/dev/auvir/auvir_embed/mocap/receiver/stm32f103/Src/sensor.c">
         <Option target="motionsensor_receiver"/>
      </Unit>
      <Unit filename="D:/nbobovnikov/home/dev/auvir/auvir_embed/mocap/receiver/stm32f103/Src/sensor_hub.c">
         <Option target="motionsensor_receiver"/>
      </Unit>
      <Unit filename="D:/nbobovnikov/home/dev/auvir/auvir_embed/mocap/receiver/stm32f103/Src/stm32f1xx_hal_msp.c">
         <Option target="motionsensor_receiver"/>
      </Unit>
      <Unit filename="D:/nbobovnikov/home/dev/auvir/auvir_embed/mocap/receiver/stm32f103/Src/stm32f1xx_it.c">
         <Option target="motionsensor_receiver"/>
      </Unit>
      <Unit filename="D:/nbobovnikov/home/dev/auvir/auvir_embed/mocap/receiver/stm32f103/Src/syscalls.c">
         <Option target="motionsensor_receiver"/>
      </Unit>
      <Unit filename="D:/nbobovnikov/home/dev/auvir/auvir_embed/mocap/receiver/stm32f103/CMakeLists.txt">
          <Option virtualFolder="CMake Files\" />
      </Unit>
      <Unit filename="D:/nbobovnikov/home/dev/auvir/auvir_embed/mocap/receiver/stm32f103/cmake/gcc_stm32.cmake">
          <Option virtualFolder="CMake Files\cmake\" />
      </Unit>
      <Unit filename="D:/nbobovnikov/home/dev/auvir/auvir_embed/mocap/receiver/stm32f103/cmake/gcc_stm32f1.cmake">
          <Option virtualFolder="CMake Files\cmake\" />
      </Unit>
      <Unit filename="D:/nbobovnikov/home/dev/auvir/auvir_embed/mocap/receiver/stm32f103/cmake/stm32_linker.cmake">
          <Option virtualFolder="CMake Files\cmake\" />
      </Unit>
   </Project>
</CodeBlocks_project_file>
